%{
  "ex_doc": {:hex, :ex_doc, "0.28.5", "3e52a6d2130ce74d096859e477b97080c156d0926701c13870a4e1f752363279", [:mix], [{:earmark_parser, "~> 1.4.19", [hex: :earmark_parser, repo: "hexpm", optional: false]}, {:makeup_elixir, "~> 0.14", [hex: :makeup_elixir, repo: "hexpm", optional: false]}, {:makeup_erlang, "~> 0.1", [hex: :makeup_erlang, repo: "hexpm", optional: false]}], "hexpm", "d2c4b07133113e9aa3e9ba27efb9088ba900e9e51caa383919676afdf09ab181"},
  "nerves": {:hex, :nerves, "1.9.1", "09cfd3589af81c4b1ac35179aee5f6d94bde36548a905c2d4d4efa9ff311222e", [:make, :mix], [{:castore, "~> 0.1", [hex: :castore, repo: "hexpm", optional: false]}, {:elixir_make, "~> 0.6", [hex: :elixir_make, repo: "hexpm", optional: false]}, {:jason, "~> 1.2", [hex: :jason, repo: "hexpm", optional: true]}], "hexpm", "011409116923e1dbab250a6dc241ab529790163233c44e374ff352af72d09a56"},
  "nerves_system_br": {:hex, :nerves_system_br, "1.20.6", "6622ee4230e968a95716105518bbd7ef569ac82b44e9114cf6a78a1ddca65455", [:mix], [], "hexpm", "ca187a129288156a1e5fb4f34d393aeddb7580091f41aefb82dbed6a4e378748"},
  "nerves_system_linter": {:hex, :nerves_system_linter, "0.4.0", "81e9a6f5018fe5fb67d7b43a04dca36156f62b55b5554eb2fa3964d3889d09cd", [:mix], [], "hexpm", "b5bd8480ce7a6317f4601ff41fd2f594bdf76aff0bdf6dcfac571c3fa1ec5f82"},
  "nerves_toolchain_aarch64_nerves_linux_gnu": {:hex, :nerves_toolchain_aarch64_nerves_linux_gnu, "1.6.0", "70817bd3c1d30d8948265f67d371bd4f02be69def0fbfcdffdd5181508e4c6f5", [:mix], [{:nerves, "~> 1.4", [hex: :nerves, repo: "hexpm", optional: false]}, {:nerves_toolchain_ctng, "~> 1.9.0", [hex: :nerves_toolchain_ctng, repo: "hexpm", optional: false]}], "hexpm", "4a6fc659031148fb46f9eaf020515078963f01cfba0f8881a4eeb6cd036254a5"},
}
